
Microsoft Visual Studio Solution File, Format Version 12.00
# Visual Studio 15
VisualStudioVersion = 15.0.26730.12
MinimumVisualStudioVersion = 10.0.40219.1
Project("{FAE04EC0-301F-11D3-BF4B-00C04F79EFBC}") = "App1.Android", "App1\App1.Android\App1.Android.csproj", "{3A612874-AF3E-4E34-BBB9-2CA86C31CBF7}"
EndProject
Project("{FAE04EC0-301F-11D3-BF4B-00C04F79EFBC}") = "App1", "App1\App1\App1.csproj", "{572E896F-BF11-48C6-8711-BAB89CD5BA07}"
EndProject
Project("{FAE04EC0-301F-11D3-BF4B-00C04F79EFBC}") = "App1.UWP", "App1\App1.UWP\App1.UWP.csproj", "{DDC924E7-BCA5-48EE-9921-4F5262ECD56E}"
EndProject
Project("{FAE04EC0-301F-11D3-BF4B-00C04F79EFBC}") = "App1.iOS", "App1\App1.iOS\App1.iOS.csproj", "{C5ECA78D-CB77-426A-A228-0CF3FDD747DB}"
EndProject
Global
	GlobalSection(SolutionConfigurationPlatforms) = preSolution
		Ad-Hoc|Any CPU = Ad-Hoc|Any CPU
		Ad-Hoc|ARM = Ad-Hoc|ARM
		Ad-Hoc|iPhone = Ad-Hoc|iPhone
		Ad-Hoc|iPhoneSimulator = Ad-Hoc|iPhoneSimulator
		Ad-Hoc|x64 = Ad-Hoc|x64
		Ad-Hoc|x86 = Ad-Hoc|x86
		AppStore|Any CPU = AppStore|Any CPU
		AppStore|ARM = AppStore|ARM
		AppStore|iPhone = AppStore|iPhone
		AppStore|iPhoneSimulator = AppStore|iPhoneSimulator
		AppStore|x64 = AppStore|x64
		AppStore|x86 = AppStore|x86
		Debug|Any CPU = Debug|Any CPU
		Debug|ARM = Debug|ARM
		Debug|iPhone = Debug|iPhone
		Debug|iPhoneSimulator = Debug|iPhoneSimulator
		Debug|x64 = Debug|x64
		Debug|x86 = Debug|x86
		Release|Any CPU = Release|Any CPU
		Release|ARM = Release|ARM
		Release|iPhone = Release|iPhone
		Release|iPhoneSimulator = Release|iPhoneSimulator
		Release|x64 = Release|x64
		Release|x86 = Release|x86
	EndGlobalSection
	GlobalSection(ProjectConfigurationPlatforms) = postSolution
		{3A612874-AF3E-4E34-BBB9-2CA86C31CBF7}.Ad-Hoc|Any CPU.ActiveCfg = Release|Any CPU
		{3A612874-AF3E-4E34-BBB9-2CA86C31CBF7}.Ad-Hoc|Any CPU.Build.0 = Release|Any CPU
		{3A612874-AF3E-4E34-BBB9-2CA86C31CBF7}.Ad-Hoc|Any CPU.Deploy.0 = Release|Any CPU
		{3A612874-AF3E-4E34-BBB9-2CA86C31CBF7}.Ad-Hoc|ARM.ActiveCfg = Release|Any CPU
		{3A612874-AF3E-4E34-BBB9-2CA86C31CBF7}.Ad-Hoc|ARM.Build.0 = Release|Any CPU
		{3A612874-AF3E-4E34-BBB9-2CA86C31CBF7}.Ad-Hoc|ARM.Deploy.0 = Release|Any CPU
		{3A612874-AF3E-4E34-BBB9-2CA86C31CBF7}.Ad-Hoc|iPhone.ActiveCfg = Release|Any CPU
		{3A612874-AF3E-4E34-BBB9-2CA86C31CBF7}.Ad-Hoc|iPhone.Build.0 = Release|Any CPU
		{3A612874-AF3E-4E34-BBB9-2CA86C31CBF7}.Ad-Hoc|iPhone.Deploy.0 = Release|Any CPU
		{3A612874-AF3E-4E34-BBB9-2CA86C31CBF7}.Ad-Hoc|iPhoneSimulator.ActiveCfg = Release|Any CPU
		{3A612874-AF3E-4E34-BBB9-2CA86C31CBF7}.Ad-Hoc|iPhoneSimulator.Build.0 = Release|Any CPU
		{3A612874-AF3E-4E34-BBB9-2CA86C31CBF7}.Ad-Hoc|iPhoneSimulator.Deploy.0 = Release|Any CPU
		{3A612874-AF3E-4E34-BBB9-2CA86C31CBF7}.Ad-Hoc|x64.ActiveCfg = Release|Any CPU
		{3A612874-AF3E-4E34-BBB9-2CA86C31CBF7}.Ad-Hoc|x64.Build.0 = Release|Any CPU
		{3A612874-AF3E-4E34-BBB9-2CA86C31CBF7}.Ad-Hoc|x64.Deploy.0 = Release|Any CPU
		{3A612874-AF3E-4E34-BBB9-2CA86C31CBF7}.Ad-Hoc|x86.ActiveCfg = Release|Any CPU
		{3A612874-AF3E-4E34-BBB9-2CA86C31CBF7}.Ad-Hoc|x86.Build.0 = Release|Any CPU
		{3A612874-AF3E-4E34-BBB9-2CA86C31CBF7}.Ad-Hoc|x86.Deploy.0 = Release|Any CPU
		{3A612874-AF3E-4E34-BBB9-2CA86C31CBF7}.AppStore|Any CPU.ActiveCfg = Release|Any CPU
		{3A612874-AF3E-4E34-BBB9-2CA86C31CBF7}.AppStore|Any CPU.Build.0 = Release|Any CPU
		{3A612874-AF3E-4E34-BBB9-2CA86C31CBF7}.AppStore|Any CPU.Deploy.0 = Release|Any CPU
		{3A612874-AF3E-4E34-BBB9-2CA86C31CBF7}.AppStore|ARM.ActiveCfg = Release|Any CPU
		{3A612874-AF3E-4E34-BBB9-2CA86C31CBF7}.AppStore|ARM.Build.0 = Release|Any CPU
		{3A612874-AF3E-4E34-BBB9-2CA86C31CBF7}.AppStore|ARM.Deploy.0 = Release|Any CPU
		{3A612874-AF3E-4E34-BBB9-2CA86C31CBF7}.AppStore|iPhone.ActiveCfg = Release|Any CPU
		{3A612874-AF3E-4E34-BBB9-2CA86C31CBF7}.AppStore|iPhone.Build.0 = Release|Any CPU
		{3A612874-AF3E-4E34-BBB9-2CA86C31CBF7}.AppStore|iPhone.Deploy.0 = Release|Any CPU
		{3A612874-AF3E-4E34-BBB9-2CA86C31CBF7}.AppStore|iPhoneSimulator.ActiveCfg = Release|Any CPU
		{3A612874-AF3E-4E34-BBB9-2CA86C31CBF7}.AppStore|iPhoneSimulator.Build.0 = Release|Any CPU
		{3A612874-AF3E-4E34-BBB9-2CA86C31CBF7}.AppStore|iPhoneSimulator.Deploy.0 = Release|Any CPU
		{3A612874-AF3E-4E34-BBB9-2CA86C31CBF7}.AppStore|x64.ActiveCfg = Release|Any CPU
		{3A612874-AF3E-4E34-BBB9-2CA86C31CBF7}.AppStore|x64.Build.0 = Release|Any CPU
		{3A612874-AF3E-4E34-BBB9-2CA86C31CBF7}.AppStore|x64.Deploy.0 = Release|Any CPU
		{3A612874-AF3E-4E34-BBB9-2CA86C31CBF7}.AppStore|x86.ActiveCfg = Release|Any CPU
		{3A612874-AF3E-4E34-BBB9-2CA86C31CBF7}.AppStore|x86.Build.0 = Release|Any CPU
		{3A612874-AF3E-4E34-BBB9-2CA86C31CBF7}.AppStore|x86.Deploy.0 = Release|Any CPU
		{3A612874-AF3E-4E34-BBB9-2CA86C31CBF7}.Debug|Any CPU.ActiveCfg = Debug|Any CPU
		{3A612874-AF3E-4E34-BBB9-2CA86C31CBF7}.Debug|Any CPU.Build.0 = Debug|Any CPU
		{3A612874-AF3E-4E34-BBB9-2CA86C31CBF7}.Debug|Any CPU.Deploy.0 = Debug|Any CPU
		{3A612874-AF3E-4E34-BBB9-2CA86C31CBF7}.Debug|ARM.ActiveCfg = Debug|Any CPU
		{3A612874-AF3E-4E34-BBB9-2CA86C31CBF7}.Debug|ARM.Build.0 = Debug|Any CPU
		{3A612874-AF3E-4E34-BBB9-2CA86C31CBF7}.Debug|ARM.Deploy.0 = Debug|Any CPU
		{3A612874-AF3E-4E34-BBB9-2CA86C31CBF7}.Debug|iPhone.ActiveCfg = Debug|Any CPU
		{3A612874-AF3E-4E34-BBB9-2CA86C31CBF7}.Debug|iPhone.Build.0 = Debug|Any CPU
		{3A612874-AF3E-4E34-BBB9-2CA86C31CBF7}.Debug|iPhone.Deploy.0 = Debug|Any CPU
		{3A612874-AF3E-4E34-BBB9-2CA86C31CBF7}.Debug|iPhoneSimulator.ActiveCfg = Debug|Any CPU
		{3A612874-AF3E-4E34-BBB9-2CA86C31CBF7}.Debug|iPhoneSimulator.Build.0 = Debug|Any CPU
		{3A612874-AF3E-4E34-BBB9-2CA86C31CBF7}.Debug|iPhoneSimulator.Deploy.0 = Debug|Any CPU
		{3A612874-AF3E-4E34-BBB9-2CA86C31CBF7}.Debug|x64.ActiveCfg = Debug|Any CPU
		{3A612874-AF3E-4E34-BBB9-2CA86C31CBF7}.Debug|x64.Build.0 = Debug|Any CPU
		{3A612874-AF3E-4E34-BBB9-2CA86C31CBF7}.Debug|x64.Deploy.0 = Debug|Any CPU
		{3A612874-AF3E-4E34-BBB9-2CA86C31CBF7}.Debug|x86.ActiveCfg = Debug|Any CPU
		{3A612874-AF3E-4E34-BBB9-2CA86C31CBF7}.Debug|x86.Build.0 = Debug|Any CPU
		{3A612874-AF3E-4E34-BBB9-2CA86C31CBF7}.Debug|x86.Deploy.0 = Debug|Any CPU
		{3A612874-AF3E-4E34-BBB9-2CA86C31CBF7}.Release|Any CPU.ActiveCfg = Release|Any CPU
		{3A612874-AF3E-4E34-BBB9-2CA86C31CBF7}.Release|Any CPU.Build.0 = Release|Any CPU
		{3A612874-AF3E-4E34-BBB9-2CA86C31CBF7}.Release|Any CPU.Deploy.0 = Release|Any CPU
		{3A612874-AF3E-4E34-BBB9-2CA86C31CBF7}.Release|ARM.ActiveCfg = Release|Any CPU
		{3A612874-AF3E-4E34-BBB9-2CA86C31CBF7}.Release|ARM.Build.0 = Release|Any CPU
		{3A612874-AF3E-4E34-BBB9-2CA86C31CBF7}.Release|ARM.Deploy.0 = Release|Any CPU
		{3A612874-AF3E-4E34-BBB9-2CA86C31CBF7}.Release|iPhone.ActiveCfg = Release|Any CPU
		{3A612874-AF3E-4E34-BBB9-2CA86C31CBF7}.Release|iPhone.Build.0 = Release|Any CPU
		{3A612874-AF3E-4E34-BBB9-2CA86C31CBF7}.Release|iPhone.Deploy.0 = Release|Any CPU
		{3A612874-AF3E-4E34-BBB9-2CA86C31CBF7}.Release|iPhoneSimulator.ActiveCfg = Release|Any CPU
		{3A612874-AF3E-4E34-BBB9-2CA86C31CBF7}.Release|iPhoneSimulator.Build.0 = Release|Any CPU
		{3A612874-AF3E-4E34-BBB9-2CA86C31CBF7}.Release|iPhoneSimulator.Deploy.0 = Release|Any CPU
		{3A612874-AF3E-4E34-BBB9-2CA86C31CBF7}.Release|x64.ActiveCfg = Release|Any CPU
		{3A612874-AF3E-4E34-BBB9-2CA86C31CBF7}.Release|x64.Build.0 = Release|Any CPU
		{3A612874-AF3E-4E34-BBB9-2CA86C31CBF7}.Release|x64.Deploy.0 = Release|Any CPU
		{3A612874-AF3E-4E34-BBB9-2CA86C31CBF7}.Release|x86.ActiveCfg = Release|Any CPU
		{3A612874-AF3E-4E34-BBB9-2CA86C31CBF7}.Release|x86.Build.0 = Release|Any CPU
		{3A612874-AF3E-4E34-BBB9-2CA86C31CBF7}.Release|x86.Deploy.0 = Release|Any CPU
		{572E896F-BF11-48C6-8711-BAB89CD5BA07}.Ad-Hoc|Any CPU.ActiveCfg = Release|Any CPU
		{572E896F-BF11-48C6-8711-BAB89CD5BA07}.Ad-Hoc|Any CPU.Build.0 = Release|Any CPU
		{572E896F-BF11-48C6-8711-BAB89CD5BA07}.Ad-Hoc|ARM.ActiveCfg = Release|Any CPU
		{572E896F-BF11-48C6-8711-BAB89CD5BA07}.Ad-Hoc|ARM.Build.0 = Release|Any CPU
		{572E896F-BF11-48C6-8711-BAB89CD5BA07}.Ad-Hoc|iPhone.ActiveCfg = Release|Any CPU
		{572E896F-BF11-48C6-8711-BAB89CD5BA07}.Ad-Hoc|iPhone.Build.0 = Release|Any CPU
		{572E896F-BF11-48C6-8711-BAB89CD5BA07}.Ad-Hoc|iPhoneSimulator.ActiveCfg = Release|Any CPU
		{572E896F-BF11-48C6-8711-BAB89CD5BA07}.Ad-Hoc|iPhoneSimulator.Build.0 = Release|Any CPU
		{572E896F-BF11-48C6-8711-BAB89CD5BA07}.Ad-Hoc|x64.ActiveCfg = Release|Any CPU
		{572E896F-BF11-48C6-8711-BAB89CD5BA07}.Ad-Hoc|x64.Build.0 = Release|Any CPU
		{572E896F-BF11-48C6-8711-BAB89CD5BA07}.Ad-Hoc|x86.ActiveCfg = Release|Any CPU
		{572E896F-BF11-48C6-8711-BAB89CD5BA07}.Ad-Hoc|x86.Build.0 = Release|Any CPU
		{572E896F-BF11-48C6-8711-BAB89CD5BA07}.AppStore|Any CPU.ActiveCfg = Release|Any CPU
		{572E896F-BF11-48C6-8711-BAB89CD5BA07}.AppStore|Any CPU.Build.0 = Release|Any CPU
		{572E896F-BF11-48C6-8711-BAB89CD5BA07}.AppStore|ARM.ActiveCfg = Release|Any CPU
		{572E896F-BF11-48C6-8711-BAB89CD5BA07}.AppStore|ARM.Build.0 = Release|Any CPU
		{572E896F-BF11-48C6-8711-BAB89CD5BA07}.AppStore|iPhone.ActiveCfg = Release|Any CPU
		{572E896F-BF11-48C6-8711-BAB89CD5BA07}.AppStore|iPhone.Build.0 = Release|Any CPU
		{572E896F-BF11-48C6-8711-BAB89CD5BA07}.AppStore|iPhoneSimulator.ActiveCfg = Release|Any CPU
		{572E896F-BF11-48C6-8711-BAB89CD5BA07}.AppStore|iPhoneSimulator.Build.0 = Release|Any CPU
		{572E896F-BF11-48C6-8711-BAB89CD5BA07}.AppStore|x64.ActiveCfg = Release|Any CPU
		{572E896F-BF11-48C6-8711-BAB89CD5BA07}.AppStore|x64.Build.0 = Release|Any CPU
		{572E896F-BF11-48C6-8711-BAB89CD5BA07}.AppStore|x86.ActiveCfg = Release|Any CPU
		{572E896F-BF11-48C6-8711-BAB89CD5BA07}.AppStore|x86.Build.0 = Release|Any CPU
		{572E896F-BF11-48C6-8711-BAB89CD5BA07}.Debug|Any CPU.ActiveCfg = Debug|Any CPU
		{572E896F-BF11-48C6-8711-BAB89CD5BA07}.Debug|Any CPU.Build.0 = Debug|Any CPU
		{572E896F-BF11-48C6-8711-BAB89CD5BA07}.Debug|ARM.ActiveCfg = Debug|Any CPU
		{572E896F-BF11-48C6-8711-BAB89CD5BA07}.Debug|ARM.Build.0 = Debug|Any CPU
		{572E896F-BF11-48C6-8711-BAB89CD5BA07}.Debug|iPhone.ActiveCfg = Debug|Any CPU
		{572E896F-BF11-48C6-8711-BAB89CD5BA07}.Debug|iPhone.Build.0 = Debug|Any CPU
		{572E896F-BF11-48C6-8711-BAB89CD5BA07}.Debug|iPhoneSimulator.ActiveCfg = Debug|Any CPU
		{572E896F-BF11-48C6-8711-BAB89CD5BA07}.Debug|iPhoneSimulator.Build.0 = Debug|Any CPU
		{572E896F-BF11-48C6-8711-BAB89CD5BA07}.Debug|x64.ActiveCfg = Debug|Any CPU
		{572E896F-BF11-48C6-8711-BAB89CD5BA07}.Debug|x64.Build.0 = Debug|Any CPU
		{572E896F-BF11-48C6-8711-BAB89CD5BA07}.Debug|x86.ActiveCfg = Debug|Any CPU
		{572E896F-BF11-48C6-8711-BAB89CD5BA07}.Debug|x86.Build.0 = Debug|Any CPU
		{572E896F-BF11-48C6-8711-BAB89CD5BA07}.Release|Any CPU.ActiveCfg = Release|Any CPU
		{572E896F-BF11-48C6-8711-BAB89CD5BA07}.Release|Any CPU.Build.0 = Release|Any CPU
		{572E896F-BF11-48C6-8711-BAB89CD5BA07}.Release|ARM.ActiveCfg = Release|Any CPU
		{572E896F-BF11-48C6-8711-BAB89CD5BA07}.Release|ARM.Build.0 = Release|Any CPU
		{572E896F-BF11-48C6-8711-BAB89CD5BA07}.Release|iPhone.ActiveCfg = Release|Any CPU
		{572E896F-BF11-48C6-8711-BAB89CD5BA07}.Release|iPhone.Build.0 = Release|Any CPU
		{572E896F-BF11-48C6-8711-BAB89CD5BA07}.Release|iPhoneSimulator.ActiveCfg = Release|Any CPU
		{572E896F-BF11-48C6-8711-BAB89CD5BA07}.Release|iPhoneSimulator.Build.0 = Release|Any CPU
		{572E896F-BF11-48C6-8711-BAB89CD5BA07}.Release|x64.ActiveCfg = Release|Any CPU
		{572E896F-BF11-48C6-8711-BAB89CD5BA07}.Release|x64.Build.0 = Release|Any CPU
		{572E896F-BF11-48C6-8711-BAB89CD5BA07}.Release|x86.ActiveCfg = Release|Any CPU
		{572E896F-BF11-48C6-8711-BAB89CD5BA07}.Release|x86.Build.0 = Release|Any CPU
		{DDC924E7-BCA5-48EE-9921-4F5262ECD56E}.Ad-Hoc|Any CPU.ActiveCfg = Release|x86
		{DDC924E7-BCA5-48EE-9921-4F5262ECD56E}.Ad-Hoc|Any CPU.Build.0 = Release|x86
		{DDC924E7-BCA5-48EE-9921-4F5262ECD56E}.Ad-Hoc|Any CPU.Deploy.0 = Release|x86
		{DDC924E7-BCA5-48EE-9921-4F5262ECD56E}.Ad-Hoc|ARM.ActiveCfg = Release|ARM
		{DDC924E7-BCA5-48EE-9921-4F5262ECD56E}.Ad-Hoc|ARM.Build.0 = Release|ARM
		{DDC924E7-BCA5-48EE-9921-4F5262ECD56E}.Ad-Hoc|ARM.Deploy.0 = Release|ARM
		{DDC924E7-BCA5-48EE-9921-4F5262ECD56E}.Ad-Hoc|iPhone.ActiveCfg = Release|x86
		{DDC924E7-BCA5-48EE-9921-4F5262ECD56E}.Ad-Hoc|iPhone.Build.0 = Release|x86
		{DDC924E7-BCA5-48EE-9921-4F5262ECD56E}.Ad-Hoc|iPhone.Deploy.0 = Release|x86
		{DDC924E7-BCA5-48EE-9921-4F5262ECD56E}.Ad-Hoc|iPhoneSimulator.ActiveCfg = Release|x86
		{DDC924E7-BCA5-48EE-9921-4F5262ECD56E}.Ad-Hoc|iPhoneSimulator.Build.0 = Release|x86
		{DDC924E7-BCA5-48EE-9921-4F5262ECD56E}.Ad-Hoc|iPhoneSimulator.Deploy.0 = Release|x86
		{DDC924E7-BCA5-48EE-9921-4F5262ECD56E}.Ad-Hoc|x64.ActiveCfg = Release|x64
		{DDC924E7-BCA5-48EE-9921-4F5262ECD56E}.Ad-Hoc|x64.Build.0 = Release|x64
		{DDC924E7-BCA5-48EE-9921-4F5262ECD56E}.Ad-Hoc|x64.Deploy.0 = Release|x64
		{DDC924E7-BCA5-48EE-9921-4F5262ECD56E}.Ad-Hoc|x86.ActiveCfg = Release|x86
		{DDC924E7-BCA5-48EE-9921-4F5262ECD56E}.Ad-Hoc|x86.Build.0 = Release|x86
		{DDC924E7-BCA5-48EE-9921-4F5262ECD56E}.Ad-Hoc|x86.Deploy.0 = Release|x86
		{DDC924E7-BCA5-48EE-9921-4F5262ECD56E}.AppStore|Any CPU.ActiveCfg = Release|x86
		{DDC924E7-BCA5-48EE-9921-4F5262ECD56E}.AppStore|Any CPU.Build.0 = Release|x86
		{DDC924E7-BCA5-48EE-9921-4F5262ECD56E}.AppStore|Any CPU.Deploy.0 = Release|x86
		{DDC924E7-BCA5-48EE-9921-4F5262ECD56E}.AppStore|ARM.ActiveCfg = Release|ARM
		{DDC924E7-BCA5-48EE-9921-4F5262ECD56E}.AppStore|ARM.Build.0 = Release|ARM
		{DDC924E7-BCA5-48EE-9921-4F5262ECD56E}.AppStore|ARM.Deploy.0 = Release|ARM
		{DDC924E7-BCA5-48EE-9921-4F5262ECD56E}.AppStore|iPhone.ActiveCfg = Release|x86
		{DDC924E7-BCA5-48EE-9921-4F5262ECD56E}.AppStore|iPhone.Build.0 = Release|x86
		{DDC924E7-BCA5-48EE-9921-4F5262ECD56E}.AppStore|iPhone.Deploy.0 = Release|x86
		{DDC924E7-BCA5-48EE-9921-4F5262ECD56E}.AppStore|iPhoneSimulator.ActiveCfg = Release|x86
		{DDC924E7-BCA5-48EE-9921-4F5262ECD56E}.AppStore|iPhoneSimulator.Build.0 = Release|x86
		{DDC924E7-BCA5-48EE-9921-4F5262ECD56E}.AppStore|iPhoneSimulator.Deploy.0 = Release|x86
		{DDC924E7-BCA5-48EE-9921-4F5262ECD56E}.AppStore|x64.ActiveCfg = Release|x64
		{DDC924E7-BCA5-48EE-9921-4F5262ECD56E}.AppStore|x64.Build.0 = Release|x64
		{DDC924E7-BCA5-48EE-9921-4F5262ECD56E}.AppStore|x64.Deploy.0 = Release|x64
		{DDC924E7-BCA5-48EE-9921-4F5262ECD56E}.AppStore|x86.ActiveCfg = Release|x86
		{DDC924E7-BCA5-48EE-9921-4F5262ECD56E}.AppStore|x86.Build.0 = Release|x86
		{DDC924E7-BCA5-48EE-9921-4F5262ECD56E}.AppStore|x86.Deploy.0 = Release|x86
		{DDC924E7-BCA5-48EE-9921-4F5262ECD56E}.Debug|Any CPU.ActiveCfg = Debug|x86
		{DDC924E7-BCA5-48EE-9921-4F5262ECD56E}.Debug|ARM.ActiveCfg = Debug|ARM
		{DDC924E7-BCA5-48EE-9921-4F5262ECD56E}.Debug|ARM.Build.0 = Debug|ARM
		{DDC924E7-BCA5-48EE-9921-4F5262ECD56E}.Debug|ARM.Deploy.0 = Debug|ARM
		{DDC924E7-BCA5-48EE-9921-4F5262ECD56E}.Debug|iPhone.ActiveCfg = Debug|x86
		{DDC924E7-BCA5-48EE-9921-4F5262ECD56E}.Debug|iPhoneSimulator.ActiveCfg = Debug|x86
		{DDC924E7-BCA5-48EE-9921-4F5262ECD56E}.Debug|x64.ActiveCfg = Debug|x64
		{DDC924E7-BCA5-48EE-9921-4F5262ECD56E}.Debug|x64.Build.0 = Debug|x64
		{DDC924E7-BCA5-48EE-9921-4F5262ECD56E}.Debug|x64.Deploy.0 = Debug|x64
		{DDC924E7-BCA5-48EE-9921-4F5262ECD56E}.Debug|x86.ActiveCfg = Debug|x86
		{DDC924E7-BCA5-48EE-9921-4F5262ECD56E}.Debug|x86.Build.0 = Debug|x86
		{DDC924E7-BCA5-48EE-9921-4F5262ECD56E}.Debug|x86.Deploy.0 = Debug|x86
		{DDC924E7-BCA5-48EE-9921-4F5262ECD56E}.Release|Any CPU.ActiveCfg = Release|x86
		{DDC924E7-BCA5-48EE-9921-4F5262ECD56E}.Release|ARM.ActiveCfg = Release|ARM
		{DDC924E7-BCA5-48EE-9921-4F5262ECD56E}.Release|ARM.Build.0 = Release|ARM
		{DDC924E7-BCA5-48EE-9921-4F5262ECD56E}.Release|ARM.Deploy.0 = Release|ARM
		{DDC924E7-BCA5-48EE-9921-4F5262ECD56E}.Release|iPhone.ActiveCfg = Release|x86
		{DDC924E7-BCA5-48EE-9921-4F5262ECD56E}.Release|iPhoneSimulator.ActiveCfg = Release|x86
		{DDC924E7-BCA5-48EE-9921-4F5262ECD56E}.Release|x64.ActiveCfg = Release|x64
		{DDC924E7-BCA5-48EE-9921-4F5262ECD56E}.Release|x64.Build.0 = Release|x64
		{DDC924E7-BCA5-48EE-9921-4F5262ECD56E}.Release|x64.Deploy.0 = Release|x64
		{DDC924E7-BCA5-48EE-9921-4F5262ECD56E}.Release|x86.ActiveCfg = Release|x86
		{DDC924E7-BCA5-48EE-9921-4F5262ECD56E}.Release|x86.Build.0 = Release|x86
		{DDC924E7-BCA5-48EE-9921-4F5262ECD56E}.Release|x86.Deploy.0 = Release|x86
		{C5ECA78D-CB77-426A-A228-0CF3FDD747DB}.Ad-Hoc|Any CPU.ActiveCfg = Ad-Hoc|iPhone
		{C5ECA78D-CB77-426A-A228-0CF3FDD747DB}.Ad-Hoc|ARM.ActiveCfg = Ad-Hoc|iPhone
		{C5ECA78D-CB77-426A-A228-0CF3FDD747DB}.Ad-Hoc|iPhone.ActiveCfg = Ad-Hoc|iPhone
		{C5ECA78D-CB77-426A-A228-0CF3FDD747DB}.Ad-Hoc|iPhone.Build.0 = Ad-Hoc|iPhone
		{C5ECA78D-CB77-426A-A228-0CF3FDD747DB}.Ad-Hoc|iPhoneSimulator.ActiveCfg = Ad-Hoc|iPhoneSimulator
		{C5ECA78D-CB77-426A-A228-0CF3FDD747DB}.Ad-Hoc|iPhoneSimulator.Build.0 = Ad-Hoc|iPhoneSimulator
		{C5ECA78D-CB77-426A-A228-0CF3FDD747DB}.Ad-Hoc|x64.ActiveCfg = Ad-Hoc|iPhone
		{C5ECA78D-CB77-426A-A228-0CF3FDD747DB}.Ad-Hoc|x86.ActiveCfg = Ad-Hoc|iPhone
		{C5ECA78D-CB77-426A-A228-0CF3FDD747DB}.AppStore|Any CPU.ActiveCfg = AppStore|iPhone
		{C5ECA78D-CB77-426A-A228-0CF3FDD747DB}.AppStore|ARM.ActiveCfg = AppStore|iPhone
		{C5ECA78D-CB77-426A-A228-0CF3FDD747DB}.AppStore|iPhone.ActiveCfg = AppStore|iPhone
		{C5ECA78D-CB77-426A-A228-0CF3FDD747DB}.AppStore|iPhone.Build.0 = AppStore|iPhone
		{C5ECA78D-CB77-426A-A228-0CF3FDD747DB}.AppStore|iPhoneSimulator.ActiveCfg = AppStore|iPhoneSimulator
		{C5ECA78D-CB77-426A-A228-0CF3FDD747DB}.AppStore|iPhoneSimulator.Build.0 = AppStore|iPhoneSimulator
		{C5ECA78D-CB77-426A-A228-0CF3FDD747DB}.AppStore|x64.ActiveCfg = AppStore|iPhone
		{C5ECA78D-CB77-426A-A228-0CF3FDD747DB}.AppStore|x86.ActiveCfg = AppStore|iPhone
		{C5ECA78D-CB77-426A-A228-0CF3FDD747DB}.Debug|Any CPU.ActiveCfg = Debug|iPhone
		{C5ECA78D-CB77-426A-A228-0CF3FDD747DB}.Debug|ARM.ActiveCfg = Debug|iPhone
		{C5ECA78D-CB77-426A-A228-0CF3FDD747DB}.Debug|iPhone.ActiveCfg = Debug|iPhone
		{C5ECA78D-CB77-426A-A228-0CF3FDD747DB}.Debug|iPhone.Build.0 = Debug|iPhone
		{C5ECA78D-CB77-426A-A228-0CF3FDD747DB}.Debug|iPhoneSimulator.ActiveCfg = Debug|iPhoneSimulator
		{C5ECA78D-CB77-426A-A228-0CF3FDD747DB}.Debug|iPhoneSimulator.Build.0 = Debug|iPhoneSimulator
		{C5ECA78D-CB77-426A-A228-0CF3FDD747DB}.Debug|x64.ActiveCfg = Debug|iPhone
		{C5ECA78D-CB77-426A-A228-0CF3FDD747DB}.Debug|x86.ActiveCfg = Debug|iPhone
		{C5ECA78D-CB77-426A-A228-0CF3FDD747DB}.Release|Any CPU.ActiveCfg = Release|iPhone
		{C5ECA78D-CB77-426A-A228-0CF3FDD747DB}.Release|ARM.ActiveCfg = Release|iPhone
		{C5ECA78D-CB77-426A-A228-0CF3FDD747DB}.Release|iPhone.ActiveCfg = Release|iPhone
		{C5ECA78D-CB77-426A-A228-0CF3FDD747DB}.Release|iPhone.Build.0 = Release|iPhone
		{C5ECA78D-CB77-426A-A228-0CF3FDD747DB}.Release|iPhoneSimulator.ActiveCfg = Release|iPhoneSimulator
		{C5ECA78D-CB77-426A-A228-0CF3FDD747DB}.Release|iPhoneSimulator.Build.0 = Release|iPhoneSimulator
		{C5ECA78D-CB77-426A-A228-0CF3FDD747DB}.Release|x64.ActiveCfg = Release|iPhone
		{C5ECA78D-CB77-426A-A228-0CF3FDD747DB}.Release|x86.ActiveCfg = Release|iPhone
	EndGlobalSection
	GlobalSection(SolutionProperties) = preSolution
		HideSolutionNode = FALSE
	EndGlobalSection
	GlobalSection(ExtensibilityGlobals) = postSolution
		SolutionGuid = {A7D3C6A5-7AF5-4347-B354-6B066FAA4515}
	EndGlobalSection
EndGlobal
